// !$*UTF8*$!
{
	archiveVersion = 1;
	classes = {
	};
	objectVersion = 50;
	objects = {

/* Begin PBXBuildFile section */
		4BCB546822D250350098E975 /* AppDelegate.m in Sources */ = {isa = PBXBuildFile; fileRef = 4BCB546722D250350098E975 /* AppDelegate.m */; };
		4BCB546B22D250350098E975 /* ViewController.m in Sources */ = {isa = PBXBuildFile; fileRef = 4BCB546A22D250350098E975 /* ViewController.m */; };
		4BCB546E22D250350098E975 /* Main.storyboard in Resources */ = {isa = PBXBuildFile; fileRef = 4BCB546C22D250350098E975 /* Main.storyboard */; };
		4BCB547022D250360098E975 /* Assets.xcassets in Resources */ = {isa = PBXBuildFile; fileRef = 4BCB546F22D250360098E975 /* Assets.xcassets */; };
		4BCB547322D250360098E975 /* LaunchScreen.storyboard in Resources */ = {isa = PBXBuildFile; fileRef = 4BCB547122D250360098E975 /* LaunchScreen.storyboard */; };
		4BCB547622D250360098E975 /* main.m in Sources */ = {isa = PBXBuildFile; fileRef = 4BCB547522D250360098E975 /* main.m */; };
		4BCB547E22D250410098E975 /* Persion.m in Sources */ = {isa = PBXBuildFile; fileRef = 4BCB547D22D250410098E975 /* Persion.m */; };
		4BCB548122D250520098E975 /* Student.m in Sources */ = {isa = PBXBuildFile; fileRef = 4BCB548022D250520098E975 /* Student.m */; };
		4BCB548522D252270098E975 /* Teacher.m in Sources */ = {isa = PBXBuildFile; fileRef = 4BCB548422D252270098E975 /* Teacher.m */; };
		4BCB548822D252E50098E975 /* Persion+Cover.m in Sources */ = {isa = PBXBuildFile; fileRef = 4BCB548722D252E50098E975 /* Persion+Cover.m */; };
/* End PBXBuildFile section */

/* Begin PBXFileReference section */
		4BCB546322D250350098E975 /* day04-initial.app */ = {isa = PBXFileReference; explicitFileType = wrapper.application; includeInIndex = 0; path = "day04-initial.app"; sourceTree = BUILT_PRODUCTS_DIR; };
		4BCB546622D250350098E975 /* AppDelegate.h */ = {isa = PBXFileReference; lastKnownFileType = sourcecode.c.h; path = AppDelegate.h; sourceTree = "<group>"; };
		4BCB546722D250350098E975 /* AppDelegate.m */ = {isa = PBXFileReference; lastKnownFileType = sourcecode.c.objc; path = AppDelegate.m; sourceTree = "<group>"; };
		4BCB546922D250350098E975 /* ViewController.h */ = {isa = PBXFileReference; lastKnownFileType = sourcecode.c.h; path = ViewController.h; sourceTree = "<group>"; };
		4BCB546A22D250350098E975 /* ViewController.m */ = {isa = PBXFileReference; lastKnownFileType = sourcecode.c.objc; path = ViewController.m; sourceTree = "<group>"; };
		4BCB546D22D250350098E975 /* Base */ = {isa = PBXFileReference; lastKnownFileType = file.storyboard; name = Base; path = Base.lproj/Main.storyboard; sourceTree = "<group>"; };
		4BCB546F22D250360098E975 /* Assets.xcassets */ = {isa = PBXFileReference; lastKnownFileType = folder.assetcatalog; path = Assets.xcassets; sourceTree = "<group>"; };
		4BCB547222D250360098E975 /* Base */ = {isa = PBXFileReference; lastKnownFileType = file.storyboard; name = Base; path = Base.lproj/LaunchScreen.storyboard; sourceTree = "<group>"; };
		4BCB547422D250360098E975 /* Info.plist */ = {isa = PBXFileReference; lastKnownFileType = text.plist.xml; path = Info.plist; sourceTree = "<group>"; };
		4BCB547522D250360098E975 /* main.m */ = {isa = PBXFileReference; lastKnownFileType = sourcecode.c.objc; path = main.m; sourceTree = "<group>"; };
		4BCB547C22D250410098E975 /* Persion.h */ = {isa = PBXFileReference; lastKnownFileType = sourcecode.c.h; path = Persion.h; sourceTree = "<group>"; };
		4BCB547D22D250410098E975 /* Persion.m */ = {isa = PBXFileReference; lastKnownFileType = sourcecode.c.objc; path = Persion.m; sourceTree = "<group>"; };
		4BCB547F22D250520098E975 /* Student.h */ = {isa = PBXFileReference; lastKnownFileType = sourcecode.c.h; path = Student.h; sourceTree = "<group>"; };
		4BCB548022D250520098E975 /* Student.m */ = {isa = PBXFileReference; lastKnownFileType = sourcecode.c.objc; path = Student.m; sourceTree = "<group>"; };
		4BCB548322D252270098E975 /* Teacher.h */ = {isa = PBXFileReference; lastKnownFileType = sourcecode.c.h; path = Teacher.h; sourceTree = "<group>"; };
		4BCB548422D252270098E975 /* Teacher.m */ = {isa = PBXFileReference; lastKnownFileType = sourcecode.c.objc; path = Teacher.m; sourceTree = "<group>"; };
		4BCB548622D252E50098E975 /* Persion+Cover.h */ = {isa = PBXFileReference; lastKnownFileType = sourcecode.c.h; path = "Persion+Cover.h"; sourceTree = "<group>"; };
		4BCB548722D252E50098E975 /* Persion+Cover.m */ = {isa = PBXFileReference; lastKnownFileType = sourcecode.c.objc; path = "Persion+Cover.m"; sourceTree = "<group>"; };
/* End PBXFileReference section */

/* Begin PBXFrameworksBuildPhase section */
		4BCB546022D250350098E975 /* Frameworks */ = {
			isa = PBXFrameworksBuildPhase;
			buildActionMask = 2147483647;
			files = (
			);
			runOnlyForDeploymentPostprocessing = 0;
		};
/* End PBXFrameworksBuildPhase section */

/* Begin PBXGroup section */
		4BCB545A22D250350098E975 = {
			isa = PBXGroup;
			children = (
				4BCB546522D250350098E975 /* day04-initial */,
				4BCB546422D250350098E975 /* Products */,
			);
			sourceTree = "<group>";
		};
		4BCB546422D250350098E975 /* Products */ = {
			isa = PBXGroup;
			children = (
				4BCB546322D250350098E975 /* day04-initial.app */,
			);
			name = Products;
			sourceTree = "<group>";
		};
		4BCB546522D250350098E975 /* day04-initial */ = {
			isa = PBXGroup;
			children = (
				4BCB546622D250350098E975 /* AppDelegate.h */,
				4BCB546722D250350098E975 /* AppDelegate.m */,
				4BCB546922D250350098E975 /* ViewController.h */,
				4BCB546A22D250350098E975 /* ViewController.m */,
				4BCB546C22D250350098E975 /* Main.storyboard */,
				4BCB546F22D250360098E975 /* Assets.xcassets */,
				4BCB547122D250360098E975 /* LaunchScreen.storyboard */,
				4BCB547422D250360098E975 /* Info.plist */,
				4BCB547522D250360098E975 /* main.m */,
				4BCB547C22D250410098E975 /* Persion.h */,
				4BCB547D22D250410098E975 /* Persion.m */,
				4BCB547F22D250520098E975 /* Student.h */,
				4BCB548022D250520098E975 /* Student.m */,
				4BCB548322D252270098E975 /* Teacher.h */,
				4BCB548422D252270098E975 /* Teacher.m */,
				4BCB548622D252E50098E975 /* Persion+Cover.h */,
				4BCB548722D252E50098E975 /* Persion+Cover.m */,
			);
			path = "day04-initial";
			sourceTree = "<group>";
		};
/* End PBXGroup section */

/* Begin PBXNativeTarget section */
		4BCB546222D250350098E975 /* day04-initial */ = {
			isa = PBXNativeTarget;
			buildConfigurationList = 4BCB547922D250360098E975 /* Build configuration list for PBXNativeTarget "day04-initial" */;
			buildPhases = (
				4BCB545F22D250350098E975 /* Sources */,
				4BCB546022D250350098E975 /* Frameworks */,
				4BCB546122D250350098E975 /* Resources */,
			);
			buildRules = (
			);
			dependencies = (
			);
			name = "day04-initial";
			productName = "day04-initial";
			productReference = 4BCB546322D250350098E975 /* day04-initial.app */;
			productType = "com.apple.product-type.application";
		};
/* End PBXNativeTarget section */

/* Begin PBXProject section */
		4BCB545B22D250350098E975 /* Project object */ = {
			isa = PBXProject;
			attributes = {
				LastUpgradeCheck = 1020;
				ORGANIZATIONNAME = "金角大王";
				TargetAttributes = {
					4BCB546222D250350098E975 = {
						CreatedOnToolsVersion = 10.2.1;
					};
				};
			};
			buildConfigurationList = 4BCB545E22D250350098E975 /* Build configuration list for PBXProject "day04-initial" */;
			compatibilityVersion = "Xcode 9.3";
			developmentRegion = en;
			hasScannedForEncodings = 0;
			knownRegions = (
				en,
				Base,
			);
			mainGroup = 4BCB545A22D250350098E975;
			productRefGroup = 4BCB546422D250350098E975 /* Products */;
			projectDirPath = "";
			projectRoot = "";
			targets = (
				4BCB546222D250350098E975 /* day04-initial */,
			);
		};
/* End PBXProject section */

/* Begin PBXResourcesBuildPhase section */
		4BCB546122D250350098E975 /* Resources */ = {
			isa = PBXResourcesBuildPhase;
			buildActionMask = 2147483647;
			files = (
				4BCB547322D250360098E975 /* LaunchScreen.storyboard in Resources */,
				4BCB547022D250360098E975 /* Assets.xcassets in Resources */,
				4BCB546E22D250350098E975 /* Main.storyboard in Resources */,
			);
			runOnlyForDeploymentPostprocessing = 0;
		};
/* End PBXResourcesBuildPhase section */

/* Begin PBXSourcesBuildPhase section */
		4BCB545F22D250350098E975 /* Sources */ = {
			isa = PBXSourcesBuildPhase;
			buildActionMask = 2147483647;
			files = (
				4BCB548522D252270098E975 /* Teacher.m in Sources */,
				4BCB547E22D250410098E975 /* Persion.m in Sources */,
				4BCB546B22D250350098E975 /* ViewController.m in Sources */,
				4BCB548122D250520098E975 /* Student.m in Sources */,
				4BCB548822D252E50098E975 /* Persion+Cover.m in Sources */,
				4BCB547622D250360098E975 /* main.m in Sources */,
				4BCB546822D250350098E975 /* AppDelegate.m in Sources */,
			);
			runOnlyForDeploymentPostprocessing = 0;
		};
/* End PBXSourcesBuildPhase section */

/* Begin PBXVariantGroup section */
		4BCB546C22D250350098E975 /* Main.storyboard */ = {
			isa = PBXVariantGroup;
			children = (
				4BCB546D22D250350098E975 /* Base */,
			);
			name = Main.storyboard;
			sourceTree = "<group>";
		};
		4BCB547122D250360098E975 /* LaunchScreen.storyboard */ = {
			isa = PBXVariantGroup;
			children = (
				4BCB547222D250360098E975 /* Base */,
			);
			name = LaunchScreen.storyboard;
			sourceTree = "<group>";
		};
/* End PBXVariantGroup section */

/* Begin XCBuildConfiguration section */
		4BCB547722D250360098E975 /* Debug */ = {
			isa = XCBuildConfiguration;
			buildSettings = {
				ALWAYS_SEARCH_USER_PATHS = NO;
				CLANG_ANALYZER_NONNULL = YES;
				CLANG_ANALYZER_NUMBER_OBJECT_CONVERSION = YES_AGGRESSIVE;
				CLANG_CXX_LANGUAGE_STANDARD = "gnu++14";
				CLANG_CXX_LIBRARY = "libc++";
				CLANG_ENABLE_MODULES = YES;
				CLANG_ENABLE_OBJC_ARC = YES;
				CLANG_ENABLE_OBJC_WEAK = YES;
				CLANG_WARN_BLOCK_CAPTURE_AUTORELEASING = YES;
				CLANG_WARN_BOOL_CONVERSION = YES;
				CLANG_WARN_COMMA = YES;
				CLANG_WARN_CONSTANT_CONVERSION = YES;
				CLANG_WARN_DEPRECATED_OBJC_IMPLEMENTATIONS = YES;
				CLANG_WARN_DIRECT_OBJC_ISA_USAGE = YES_ERROR;
				CLANG_WARN_DOCUMENTATION_COMMENTS = YES;
				CLANG_WARN_EMPTY_BODY = YES;
				CLANG_WARN_ENUM_CONVERSION = YES;
				CLANG_WARN_INFINITE_RECURSION = YES;
				CLANG_WARN_INT_CONVERSION = YES;
				CLANG_WARN_NON_LITERAL_NULL_CONVERSION = YES;
				CLANG_WARN_OBJC_IMPLICIT_RETAIN_SELF = YES;
				CLANG_WARN_OBJC_LITERAL_CONVERSION = YES;
				CLANG_WARN_OBJC_ROOT_CLASS = YES_ERROR;
				CLANG_WARN_RANGE_LOOP_ANALYSIS = YES;
				CLANG_WARN_STRICT_PROTOTYPES = YES;
				CLANG_WARN_SUSPICIOUS_MOVE = YES;
				CLANG_WARN_UNGUARDED_AVAILABILITY = YES_AGGRESSIVE;
				CLANG_WARN_UNREACHABLE_CODE = YES;
				CLANG_WARN__DUPLICATE_METHOD_MATCH = YES;
				CODE_SIGN_IDENTITY = "iPhone Developer";
				COPY_PHASE_STRIP = NO;
				DEBUG_INFORMATION_FORMAT = dwarf;
				ENABLE_STRICT_OBJC_MSGSEND = YES;
				ENABLE_TESTABILITY = YES;
				GCC_C_LANGUAGE_STANDARD = gnu11;
				GCC_DYNAMIC_NO_PIC = NO;
				GCC_NO_COMMON_BLOCKS = YES;
				GCC_OPTIMIZATION_LEVEL = 0;
				GCC_PREPROCESSOR_DEFINITIONS = (
					"DEBUG=1",
					"$(inherited)",
				);
				GCC_WARN_64_TO_32_BIT_CONVERSION = YES;
				GCC_WARN_ABOUT_RETURN_TYPE = YES_ERROR;
				GCC_WARN_UNDECLARED_SELECTOR = YES;
				GCC_WARN_UNINITIALIZED_AUTOS = YES_AGGRESSIVE;
				GCC_WARN_UNUSED_FUNCTION = YES;
				GCC_WARN_UNUSED_VARIABLE = YES;
				IPHONEOS_DEPLOYMENT_TARGET = 12.2;
				MTL_ENABLE_DEBUG_INFO = INCLUDE_SOURCE;
				MTL_FAST_MATH = YES;
				ONLY_ACTIVE_ARCH = YES;
				SDKROOT = iphoneos;
			};
			name = Debug;
		};
		4BCB547822D250360098E975 /* Release */ = {
			isa = XCBuildConfiguration;
			buildSettings = {
				ALWAYS_SEARCH_USER_PATHS = NO;
				CLANG_ANALYZER_NONNULL = YES;
				CLANG_ANALYZER_NUMBER_OBJECT_CONVERSION = YES_AGGRESSIVE;
				CLANG_CXX_LANGUAGE_STANDARD = "gnu++14";
				CLANG_CXX_LIBRARY = "libc++";
				CLANG_ENABLE_MODULES = YES;
				CLANG_ENABLE_OBJC_ARC = YES;
				CLANG_ENABLE_OBJC_WEAK = YES;
				CLANG_WARN_BLOCK_CAPTURE_AUTORELEASING = YES;
				CLANG_WARN_BOOL_CONVERSION = YES;
				CLANG_WARN_COMMA = YES;
				CLANG_WARN_CONSTANT_CONVERSION = YES;
				CLANG_WARN_DEPRECATED_OBJC_IMPLEMENTATIONS = YES;
				CLANG_WARN_DIRECT_OBJC_ISA_USAGE = YES_ERROR;
				CLANG_WARN_DOCUMENTATION_COMMENTS = YES;
				CLANG_WARN_EMPTY_BODY = YES;
				CLANG_WARN_ENUM_CONVERSION = YES;
				CLANG_WARN_INFINITE_RECURSION = YES;
				CLANG_WARN_INT_CONVERSION = YES;
				CLANG_WARN_NON_LITERAL_NULL_CONVERSION = YES;
				CLANG_WARN_OBJC_IMPLICIT_RETAIN_SELF = YES;
				CLANG_WARN_OBJC_LITERAL_CONVERSION = YES;
				CLANG_WARN_OBJC_ROOT_CLASS = YES_ERROR;
				CLANG_WARN_RANGE_LOOP_ANALYSIS = YES;
				CLANG_WARN_STRICT_PROTOTYPES = YES;
				CLANG_WARN_SUSPICIOUS_MOVE = YES;
				CLANG_WARN_UNGUARDED_AVAILABILITY = YES_AGGRESSIVE;
				CLANG_WARN_UNREACHABLE_CODE = YES;
				CLANG_WARN__DUPLICATE_METHOD_MATCH = YES;
				CODE_SIGN_IDENTITY = "iPhone Developer";
				COPY_PHASE_STRIP = NO;
				DEBUG_INFORMATION_FORMAT = "dwarf-with-dsym";
				ENABLE_NS_ASSERTIONS = NO;
				ENABLE_STRICT_OBJC_MSGSEND = YES;
				GCC_C_LANGUAGE_STANDARD = gnu11;
				GCC_NO_COMMON_BLOCKS = YES;
				GCC_WARN_64_TO_32_BIT_CONVERSION = YES;
				GCC_WARN_ABOUT_RETURN_TYPE = YES_ERROR;
				GCC_WARN_UNDECLARED_SELECTOR = YES;
				GCC_WARN_UNINITIALIZED_AUTOS = YES_AGGRESSIVE;
				GCC_WARN_UNUSED_FUNCTION = YES;
				GCC_WARN_UNUSED_VARIABLE = YES;
				IPHONEOS_DEPLOYMENT_TARGET = 12.2;
				MTL_ENABLE_DEBUG_INFO = NO;
				MTL_FAST_MATH = YES;
				SDKROOT = iphoneos;
				VALIDATE_PRODUCT = YES;
			};
			name = Release;
		};
		4BCB547A22D250360098E975 /* Debug */ = {
			isa = XCBuildConfiguration;
			buildSettings = {
				ASSETCATALOG_COMPILER_APPICON_NAME = AppIcon;
				CODE_SIGN_STYLE = Automatic;
				DEVELOPMENT_TEAM = 573HY9F79B;
				INFOPLIST_FILE = "day04-initial/Info.plist";
				LD_RUNPATH_SEARCH_PATHS = (
					"$(inherited)",
					"@executable_path/Frameworks",
				);
				PRODUCT_BUNDLE_IDENTIFIER = "com.kk.day04-initial";
				PRODUCT_NAME = "$(TARGET_NAME)";
				TARGETED_DEVICE_FAMILY = "1,2";
			};
			name = Debug;
		};
		4BCB547B22D250360098E975 /* Release */ = {
			isa = XCBuildConfiguration;
			buildSettings = {
				ASSETCATALOG_COMPILER_APPICON_NAME = AppIcon;
				CODE_SIGN_STYLE = Automatic;
				DEVELOPMENT_TEAM = 573HY9F79B;
				INFOPLIST_FILE = "day04-initial/Info.plist";
				LD_RUNPATH_SEARCH_PATHS = (
					"$(inherited)",
					"@executable_path/Frameworks",
				);
				PRODUCT_BUNDLE_IDENTIFIER = "com.kk.day04-initial";
				PRODUCT_NAME = "$(TARGET_NAME)";
				TARGETED_DEVICE_FAMILY = "1,2";
			};
			name = Release;
		};
/* End XCBuildConfiguration section */

/* Begin XCConfigurationList section */
		4BCB545E22D250350098E975 /* Build configuration list for PBXProject "day04-initial" */ = {
			isa = XCConfigurationList;
			buildConfigurations = (
				4BCB547722D250360098E975 /* Debug */,
				4BCB547822D250360098E975 /* Release */,
			);
			defaultConfigurationIsVisible = 0;
			defaultConfigurationName = Release;
		};
		4BCB547922D250360098E975 /* Build configuration list for PBXNativeTarget "day04-initial" */ = {
			isa = XCConfigurationList;
			buildConfigurations = (
				4BCB547A22D250360098E975 /* Debug */,
				4BCB547B22D250360098E975 /* Release */,
			);
			defaultConfigurationIsVisible = 0;
			defaultConfigurationName = Release;
		};
/* End XCConfigurationList section */
	};
	rootObject = 4BCB545B22D250350098E975 /* Project object */;
}
