// !$*UTF8*$!
{
	archiveVersion = 1;
	classes = {
	};
	objectVersion = 50;
	objects = {

/* Begin PBXBuildFile section */
		4B5F0AE022E055D3000A57D2 /* AppDelegate.m in Sources */ = {isa = PBXBuildFile; fileRef = 4B5F0ADF22E055D3000A57D2 /* AppDelegate.m */; };
		4B5F0AE322E055D3000A57D2 /* ViewController.m in Sources */ = {isa = PBXBuildFile; fileRef = 4B5F0AE222E055D3000A57D2 /* ViewController.m */; };
		4B5F0AE622E055D3000A57D2 /* Main.storyboard in Resources */ = {isa = PBXBuildFile; fileRef = 4B5F0AE422E055D3000A57D2 /* Main.storyboard */; };
		4B5F0AE822E055D5000A57D2 /* Assets.xcassets in Resources */ = {isa = PBXBuildFile; fileRef = 4B5F0AE722E055D5000A57D2 /* Assets.xcassets */; };
		4B5F0AEB22E055D5000A57D2 /* LaunchScreen.storyboard in Resources */ = {isa = PBXBuildFile; fileRef = 4B5F0AE922E055D5000A57D2 /* LaunchScreen.storyboard */; };
		4B5F0AEE22E055D5000A57D2 /* main.m in Sources */ = {isa = PBXBuildFile; fileRef = 4B5F0AED22E055D5000A57D2 /* main.m */; };
		4B5F0AF622E055F0000A57D2 /* JJPersion.m in Sources */ = {isa = PBXBuildFile; fileRef = 4B5F0AF522E055F0000A57D2 /* JJPersion.m */; };
		4B5F0AF922E05630000A57D2 /* JJStudent.m in Sources */ = {isa = PBXBuildFile; fileRef = 4B5F0AF822E05630000A57D2 /* JJStudent.m */; };
/* End PBXBuildFile section */

/* Begin PBXFileReference section */
		4B5F0ADB22E055D3000A57D2 /* day21-Method Swizzle.app */ = {isa = PBXFileReference; explicitFileType = wrapper.application; includeInIndex = 0; path = "day21-Method Swizzle.app"; sourceTree = BUILT_PRODUCTS_DIR; };
		4B5F0ADE22E055D3000A57D2 /* AppDelegate.h */ = {isa = PBXFileReference; lastKnownFileType = sourcecode.c.h; path = AppDelegate.h; sourceTree = "<group>"; };
		4B5F0ADF22E055D3000A57D2 /* AppDelegate.m */ = {isa = PBXFileReference; lastKnownFileType = sourcecode.c.objc; path = AppDelegate.m; sourceTree = "<group>"; };
		4B5F0AE122E055D3000A57D2 /* ViewController.h */ = {isa = PBXFileReference; lastKnownFileType = sourcecode.c.h; path = ViewController.h; sourceTree = "<group>"; };
		4B5F0AE222E055D3000A57D2 /* ViewController.m */ = {isa = PBXFileReference; lastKnownFileType = sourcecode.c.objc; path = ViewController.m; sourceTree = "<group>"; };
		4B5F0AE522E055D3000A57D2 /* Base */ = {isa = PBXFileReference; lastKnownFileType = file.storyboard; name = Base; path = Base.lproj/Main.storyboard; sourceTree = "<group>"; };
		4B5F0AE722E055D5000A57D2 /* Assets.xcassets */ = {isa = PBXFileReference; lastKnownFileType = folder.assetcatalog; path = Assets.xcassets; sourceTree = "<group>"; };
		4B5F0AEA22E055D5000A57D2 /* Base */ = {isa = PBXFileReference; lastKnownFileType = file.storyboard; name = Base; path = Base.lproj/LaunchScreen.storyboard; sourceTree = "<group>"; };
		4B5F0AEC22E055D5000A57D2 /* Info.plist */ = {isa = PBXFileReference; lastKnownFileType = text.plist.xml; path = Info.plist; sourceTree = "<group>"; };
		4B5F0AED22E055D5000A57D2 /* main.m */ = {isa = PBXFileReference; lastKnownFileType = sourcecode.c.objc; path = main.m; sourceTree = "<group>"; };
		4B5F0AF422E055F0000A57D2 /* JJPersion.h */ = {isa = PBXFileReference; lastKnownFileType = sourcecode.c.h; path = JJPersion.h; sourceTree = "<group>"; };
		4B5F0AF522E055F0000A57D2 /* JJPersion.m */ = {isa = PBXFileReference; lastKnownFileType = sourcecode.c.objc; path = JJPersion.m; sourceTree = "<group>"; };
		4B5F0AF722E05630000A57D2 /* JJStudent.h */ = {isa = PBXFileReference; lastKnownFileType = sourcecode.c.h; path = JJStudent.h; sourceTree = "<group>"; };
		4B5F0AF822E05630000A57D2 /* JJStudent.m */ = {isa = PBXFileReference; lastKnownFileType = sourcecode.c.objc; path = JJStudent.m; sourceTree = "<group>"; };
/* End PBXFileReference section */

/* Begin PBXFrameworksBuildPhase section */
		4B5F0AD822E055D3000A57D2 /* Frameworks */ = {
			isa = PBXFrameworksBuildPhase;
			buildActionMask = 2147483647;
			files = (
			);
			runOnlyForDeploymentPostprocessing = 0;
		};
/* End PBXFrameworksBuildPhase section */

/* Begin PBXGroup section */
		4B5F0AD222E055D3000A57D2 = {
			isa = PBXGroup;
			children = (
				4B5F0ADD22E055D3000A57D2 /* day21-Method Swizzle */,
				4B5F0ADC22E055D3000A57D2 /* Products */,
			);
			sourceTree = "<group>";
		};
		4B5F0ADC22E055D3000A57D2 /* Products */ = {
			isa = PBXGroup;
			children = (
				4B5F0ADB22E055D3000A57D2 /* day21-Method Swizzle.app */,
			);
			name = Products;
			sourceTree = "<group>";
		};
		4B5F0ADD22E055D3000A57D2 /* day21-Method Swizzle */ = {
			isa = PBXGroup;
			children = (
				4B5F0ADE22E055D3000A57D2 /* AppDelegate.h */,
				4B5F0ADF22E055D3000A57D2 /* AppDelegate.m */,
				4B5F0AE122E055D3000A57D2 /* ViewController.h */,
				4B5F0AE222E055D3000A57D2 /* ViewController.m */,
				4B5F0AE422E055D3000A57D2 /* Main.storyboard */,
				4B5F0AE722E055D5000A57D2 /* Assets.xcassets */,
				4B5F0AE922E055D5000A57D2 /* LaunchScreen.storyboard */,
				4B5F0AEC22E055D5000A57D2 /* Info.plist */,
				4B5F0AED22E055D5000A57D2 /* main.m */,
				4B5F0AF422E055F0000A57D2 /* JJPersion.h */,
				4B5F0AF522E055F0000A57D2 /* JJPersion.m */,
				4B5F0AF722E05630000A57D2 /* JJStudent.h */,
				4B5F0AF822E05630000A57D2 /* JJStudent.m */,
			);
			path = "day21-Method Swizzle";
			sourceTree = "<group>";
		};
/* End PBXGroup section */

/* Begin PBXNativeTarget section */
		4B5F0ADA22E055D3000A57D2 /* day21-Method Swizzle */ = {
			isa = PBXNativeTarget;
			buildConfigurationList = 4B5F0AF122E055D5000A57D2 /* Build configuration list for PBXNativeTarget "day21-Method Swizzle" */;
			buildPhases = (
				4B5F0AD722E055D3000A57D2 /* Sources */,
				4B5F0AD822E055D3000A57D2 /* Frameworks */,
				4B5F0AD922E055D3000A57D2 /* Resources */,
			);
			buildRules = (
			);
			dependencies = (
			);
			name = "day21-Method Swizzle";
			productName = "day21-Method Swizzle";
			productReference = 4B5F0ADB22E055D3000A57D2 /* day21-Method Swizzle.app */;
			productType = "com.apple.product-type.application";
		};
/* End PBXNativeTarget section */

/* Begin PBXProject section */
		4B5F0AD322E055D3000A57D2 /* Project object */ = {
			isa = PBXProject;
			attributes = {
				LastUpgradeCheck = 1020;
				ORGANIZATIONNAME = "金角大王";
				TargetAttributes = {
					4B5F0ADA22E055D3000A57D2 = {
						CreatedOnToolsVersion = 10.2.1;
					};
				};
			};
			buildConfigurationList = 4B5F0AD622E055D3000A57D2 /* Build configuration list for PBXProject "day21-Method Swizzle" */;
			compatibilityVersion = "Xcode 9.3";
			developmentRegion = en;
			hasScannedForEncodings = 0;
			knownRegions = (
				en,
				Base,
			);
			mainGroup = 4B5F0AD222E055D3000A57D2;
			productRefGroup = 4B5F0ADC22E055D3000A57D2 /* Products */;
			projectDirPath = "";
			projectRoot = "";
			targets = (
				4B5F0ADA22E055D3000A57D2 /* day21-Method Swizzle */,
			);
		};
/* End PBXProject section */

/* Begin PBXResourcesBuildPhase section */
		4B5F0AD922E055D3000A57D2 /* Resources */ = {
			isa = PBXResourcesBuildPhase;
			buildActionMask = 2147483647;
			files = (
				4B5F0AEB22E055D5000A57D2 /* LaunchScreen.storyboard in Resources */,
				4B5F0AE822E055D5000A57D2 /* Assets.xcassets in Resources */,
				4B5F0AE622E055D3000A57D2 /* Main.storyboard in Resources */,
			);
			runOnlyForDeploymentPostprocessing = 0;
		};
/* End PBXResourcesBuildPhase section */

/* Begin PBXSourcesBuildPhase section */
		4B5F0AD722E055D3000A57D2 /* Sources */ = {
			isa = PBXSourcesBuildPhase;
			buildActionMask = 2147483647;
			files = (
				4B5F0AE322E055D3000A57D2 /* ViewController.m in Sources */,
				4B5F0AEE22E055D5000A57D2 /* main.m in Sources */,
				4B5F0AF922E05630000A57D2 /* JJStudent.m in Sources */,
				4B5F0AF622E055F0000A57D2 /* JJPersion.m in Sources */,
				4B5F0AE022E055D3000A57D2 /* AppDelegate.m in Sources */,
			);
			runOnlyForDeploymentPostprocessing = 0;
		};
/* End PBXSourcesBuildPhase section */

/* Begin PBXVariantGroup section */
		4B5F0AE422E055D3000A57D2 /* Main.storyboard */ = {
			isa = PBXVariantGroup;
			children = (
				4B5F0AE522E055D3000A57D2 /* Base */,
			);
			name = Main.storyboard;
			sourceTree = "<group>";
		};
		4B5F0AE922E055D5000A57D2 /* LaunchScreen.storyboard */ = {
			isa = PBXVariantGroup;
			children = (
				4B5F0AEA22E055D5000A57D2 /* Base */,
			);
			name = LaunchScreen.storyboard;
			sourceTree = "<group>";
		};
/* End PBXVariantGroup section */

/* Begin XCBuildConfiguration section */
		4B5F0AEF22E055D5000A57D2 /* Debug */ = {
			isa = XCBuildConfiguration;
			buildSettings = {
				ALWAYS_SEARCH_USER_PATHS = NO;
				CLANG_ANALYZER_NONNULL = YES;
				CLANG_ANALYZER_NUMBER_OBJECT_CONVERSION = YES_AGGRESSIVE;
				CLANG_CXX_LANGUAGE_STANDARD = "gnu++14";
				CLANG_CXX_LIBRARY = "libc++";
				CLANG_ENABLE_MODULES = YES;
				CLANG_ENABLE_OBJC_ARC = YES;
				CLANG_ENABLE_OBJC_WEAK = YES;
				CLANG_WARN_BLOCK_CAPTURE_AUTORELEASING = YES;
				CLANG_WARN_BOOL_CONVERSION = YES;
				CLANG_WARN_COMMA = YES;
				CLANG_WARN_CONSTANT_CONVERSION = YES;
				CLANG_WARN_DEPRECATED_OBJC_IMPLEMENTATIONS = YES;
				CLANG_WARN_DIRECT_OBJC_ISA_USAGE = YES_ERROR;
				CLANG_WARN_DOCUMENTATION_COMMENTS = YES;
				CLANG_WARN_EMPTY_BODY = YES;
				CLANG_WARN_ENUM_CONVERSION = YES;
				CLANG_WARN_INFINITE_RECURSION = YES;
				CLANG_WARN_INT_CONVERSION = YES;
				CLANG_WARN_NON_LITERAL_NULL_CONVERSION = YES;
				CLANG_WARN_OBJC_IMPLICIT_RETAIN_SELF = YES;
				CLANG_WARN_OBJC_LITERAL_CONVERSION = YES;
				CLANG_WARN_OBJC_ROOT_CLASS = YES_ERROR;
				CLANG_WARN_RANGE_LOOP_ANALYSIS = YES;
				CLANG_WARN_STRICT_PROTOTYPES = YES;
				CLANG_WARN_SUSPICIOUS_MOVE = YES;
				CLANG_WARN_UNGUARDED_AVAILABILITY = YES_AGGRESSIVE;
				CLANG_WARN_UNREACHABLE_CODE = YES;
				CLANG_WARN__DUPLICATE_METHOD_MATCH = YES;
				CODE_SIGN_IDENTITY = "iPhone Developer";
				COPY_PHASE_STRIP = NO;
				DEBUG_INFORMATION_FORMAT = dwarf;
				ENABLE_STRICT_OBJC_MSGSEND = YES;
				ENABLE_TESTABILITY = YES;
				GCC_C_LANGUAGE_STANDARD = gnu11;
				GCC_DYNAMIC_NO_PIC = NO;
				GCC_NO_COMMON_BLOCKS = YES;
				GCC_OPTIMIZATION_LEVEL = 0;
				GCC_PREPROCESSOR_DEFINITIONS = (
					"DEBUG=1",
					"$(inherited)",
				);
				GCC_WARN_64_TO_32_BIT_CONVERSION = YES;
				GCC_WARN_ABOUT_RETURN_TYPE = YES_ERROR;
				GCC_WARN_UNDECLARED_SELECTOR = YES;
				GCC_WARN_UNINITIALIZED_AUTOS = YES_AGGRESSIVE;
				GCC_WARN_UNUSED_FUNCTION = YES;
				GCC_WARN_UNUSED_VARIABLE = YES;
				IPHONEOS_DEPLOYMENT_TARGET = 12.2;
				MTL_ENABLE_DEBUG_INFO = INCLUDE_SOURCE;
				MTL_FAST_MATH = YES;
				ONLY_ACTIVE_ARCH = YES;
				SDKROOT = iphoneos;
			};
			name = Debug;
		};
		4B5F0AF022E055D5000A57D2 /* Release */ = {
			isa = XCBuildConfiguration;
			buildSettings = {
				ALWAYS_SEARCH_USER_PATHS = NO;
				CLANG_ANALYZER_NONNULL = YES;
				CLANG_ANALYZER_NUMBER_OBJECT_CONVERSION = YES_AGGRESSIVE;
				CLANG_CXX_LANGUAGE_STANDARD = "gnu++14";
				CLANG_CXX_LIBRARY = "libc++";
				CLANG_ENABLE_MODULES = YES;
				CLANG_ENABLE_OBJC_ARC = YES;
				CLANG_ENABLE_OBJC_WEAK = YES;
				CLANG_WARN_BLOCK_CAPTURE_AUTORELEASING = YES;
				CLANG_WARN_BOOL_CONVERSION = YES;
				CLANG_WARN_COMMA = YES;
				CLANG_WARN_CONSTANT_CONVERSION = YES;
				CLANG_WARN_DEPRECATED_OBJC_IMPLEMENTATIONS = YES;
				CLANG_WARN_DIRECT_OBJC_ISA_USAGE = YES_ERROR;
				CLANG_WARN_DOCUMENTATION_COMMENTS = YES;
				CLANG_WARN_EMPTY_BODY = YES;
				CLANG_WARN_ENUM_CONVERSION = YES;
				CLANG_WARN_INFINITE_RECURSION = YES;
				CLANG_WARN_INT_CONVERSION = YES;
				CLANG_WARN_NON_LITERAL_NULL_CONVERSION = YES;
				CLANG_WARN_OBJC_IMPLICIT_RETAIN_SELF = YES;
				CLANG_WARN_OBJC_LITERAL_CONVERSION = YES;
				CLANG_WARN_OBJC_ROOT_CLASS = YES_ERROR;
				CLANG_WARN_RANGE_LOOP_ANALYSIS = YES;
				CLANG_WARN_STRICT_PROTOTYPES = YES;
				CLANG_WARN_SUSPICIOUS_MOVE = YES;
				CLANG_WARN_UNGUARDED_AVAILABILITY = YES_AGGRESSIVE;
				CLANG_WARN_UNREACHABLE_CODE = YES;
				CLANG_WARN__DUPLICATE_METHOD_MATCH = YES;
				CODE_SIGN_IDENTITY = "iPhone Developer";
				COPY_PHASE_STRIP = NO;
				DEBUG_INFORMATION_FORMAT = "dwarf-with-dsym";
				ENABLE_NS_ASSERTIONS = NO;
				ENABLE_STRICT_OBJC_MSGSEND = YES;
				GCC_C_LANGUAGE_STANDARD = gnu11;
				GCC_NO_COMMON_BLOCKS = YES;
				GCC_WARN_64_TO_32_BIT_CONVERSION = YES;
				GCC_WARN_ABOUT_RETURN_TYPE = YES_ERROR;
				GCC_WARN_UNDECLARED_SELECTOR = YES;
				GCC_WARN_UNINITIALIZED_AUTOS = YES_AGGRESSIVE;
				GCC_WARN_UNUSED_FUNCTION = YES;
				GCC_WARN_UNUSED_VARIABLE = YES;
				IPHONEOS_DEPLOYMENT_TARGET = 12.2;
				MTL_ENABLE_DEBUG_INFO = NO;
				MTL_FAST_MATH = YES;
				SDKROOT = iphoneos;
				VALIDATE_PRODUCT = YES;
			};
			name = Release;
		};
		4B5F0AF222E055D5000A57D2 /* Debug */ = {
			isa = XCBuildConfiguration;
			buildSettings = {
				ASSETCATALOG_COMPILER_APPICON_NAME = AppIcon;
				CODE_SIGN_STYLE = Automatic;
				DEVELOPMENT_TEAM = 573HY9F79B;
				INFOPLIST_FILE = "day21-Method Swizzle/Info.plist";
				LD_RUNPATH_SEARCH_PATHS = (
					"$(inherited)",
					"@executable_path/Frameworks",
				);
				PRODUCT_BUNDLE_IDENTIFIER = "com.kk.day21-Method-Swizzle";
				PRODUCT_NAME = "$(TARGET_NAME)";
				TARGETED_DEVICE_FAMILY = "1,2";
			};
			name = Debug;
		};
		4B5F0AF322E055D5000A57D2 /* Release */ = {
			isa = XCBuildConfiguration;
			buildSettings = {
				ASSETCATALOG_COMPILER_APPICON_NAME = AppIcon;
				CODE_SIGN_STYLE = Automatic;
				DEVELOPMENT_TEAM = 573HY9F79B;
				INFOPLIST_FILE = "day21-Method Swizzle/Info.plist";
				LD_RUNPATH_SEARCH_PATHS = (
					"$(inherited)",
					"@executable_path/Frameworks",
				);
				PRODUCT_BUNDLE_IDENTIFIER = "com.kk.day21-Method-Swizzle";
				PRODUCT_NAME = "$(TARGET_NAME)";
				TARGETED_DEVICE_FAMILY = "1,2";
			};
			name = Release;
		};
/* End XCBuildConfiguration section */

/* Begin XCConfigurationList section */
		4B5F0AD622E055D3000A57D2 /* Build configuration list for PBXProject "day21-Method Swizzle" */ = {
			isa = XCConfigurationList;
			buildConfigurations = (
				4B5F0AEF22E055D5000A57D2 /* Debug */,
				4B5F0AF022E055D5000A57D2 /* Release */,
			);
			defaultConfigurationIsVisible = 0;
			defaultConfigurationName = Release;
		};
		4B5F0AF122E055D5000A57D2 /* Build configuration list for PBXNativeTarget "day21-Method Swizzle" */ = {
			isa = XCConfigurationList;
			buildConfigurations = (
				4B5F0AF222E055D5000A57D2 /* Debug */,
				4B5F0AF322E055D5000A57D2 /* Release */,
			);
			defaultConfigurationIsVisible = 0;
			defaultConfigurationName = Release;
		};
/* End XCConfigurationList section */
	};
	rootObject = 4B5F0AD322E055D3000A57D2 /* Project object */;
}
