// !$*UTF8*$!
{
	archiveVersion = 1;
	classes = {
	};
	objectVersion = 50;
	objects = {

/* Begin PBXBuildFile section */
		4B5F0AA922DF2152000A57D2 /* HumanBeen.m in Sources */ = {isa = PBXBuildFile; fileRef = 4B5F0AA822DF2152000A57D2 /* HumanBeen.m */; };
		4BA4CFAF22DDD10E00EBA2D6 /* main.m in Sources */ = {isa = PBXBuildFile; fileRef = 4BA4CFAE22DDD10E00EBA2D6 /* main.m */; };
		4BA4CFB722DDD12000EBA2D6 /* Persion.m in Sources */ = {isa = PBXBuildFile; fileRef = 4BA4CFB622DDD12000EBA2D6 /* Persion.m */; };
/* End PBXBuildFile section */

/* Begin PBXCopyFilesBuildPhase section */
		4BA4CFA922DDD10E00EBA2D6 /* CopyFiles */ = {
			isa = PBXCopyFilesBuildPhase;
			buildActionMask = 2147483647;
			dstPath = /usr/share/man/man1/;
			dstSubfolderSpec = 0;
			files = (
			);
			runOnlyForDeploymentPostprocessing = 1;
		};
/* End PBXCopyFilesBuildPhase section */

/* Begin PBXFileReference section */
		4B5F0AA722DF2152000A57D2 /* HumanBeen.h */ = {isa = PBXFileReference; lastKnownFileType = sourcecode.c.h; path = HumanBeen.h; sourceTree = "<group>"; };
		4B5F0AA822DF2152000A57D2 /* HumanBeen.m */ = {isa = PBXFileReference; lastKnownFileType = sourcecode.c.objc; path = HumanBeen.m; sourceTree = "<group>"; };
		4BA4CFAB22DDD10E00EBA2D6 /* day19-msgSend方法调用 */ = {isa = PBXFileReference; explicitFileType = "compiled.mach-o.executable"; includeInIndex = 0; path = "day19-msgSend方法调用"; sourceTree = BUILT_PRODUCTS_DIR; };
		4BA4CFAE22DDD10E00EBA2D6 /* main.m */ = {isa = PBXFileReference; lastKnownFileType = sourcecode.c.objc; path = main.m; sourceTree = "<group>"; };
		4BA4CFB522DDD12000EBA2D6 /* Persion.h */ = {isa = PBXFileReference; lastKnownFileType = sourcecode.c.h; path = Persion.h; sourceTree = "<group>"; };
		4BA4CFB622DDD12000EBA2D6 /* Persion.m */ = {isa = PBXFileReference; lastKnownFileType = sourcecode.c.objc; path = Persion.m; sourceTree = "<group>"; };
		4BA4CFB822DDD1CD00EBA2D6 /* main.cpp */ = {isa = PBXFileReference; lastKnownFileType = sourcecode.cpp.cpp; path = main.cpp; sourceTree = "<group>"; };
/* End PBXFileReference section */

/* Begin PBXFrameworksBuildPhase section */
		4BA4CFA822DDD10E00EBA2D6 /* Frameworks */ = {
			isa = PBXFrameworksBuildPhase;
			buildActionMask = 2147483647;
			files = (
			);
			runOnlyForDeploymentPostprocessing = 0;
		};
/* End PBXFrameworksBuildPhase section */

/* Begin PBXGroup section */
		4BA4CFA222DDD10E00EBA2D6 = {
			isa = PBXGroup;
			children = (
				4BA4CFAD22DDD10E00EBA2D6 /* day19-msgSend方法调用 */,
				4BA4CFAC22DDD10E00EBA2D6 /* Products */,
			);
			sourceTree = "<group>";
		};
		4BA4CFAC22DDD10E00EBA2D6 /* Products */ = {
			isa = PBXGroup;
			children = (
				4BA4CFAB22DDD10E00EBA2D6 /* day19-msgSend方法调用 */,
			);
			name = Products;
			sourceTree = "<group>";
		};
		4BA4CFAD22DDD10E00EBA2D6 /* day19-msgSend方法调用 */ = {
			isa = PBXGroup;
			children = (
				4BA4CFB822DDD1CD00EBA2D6 /* main.cpp */,
				4BA4CFAE22DDD10E00EBA2D6 /* main.m */,
				4BA4CFB522DDD12000EBA2D6 /* Persion.h */,
				4BA4CFB622DDD12000EBA2D6 /* Persion.m */,
				4B5F0AA722DF2152000A57D2 /* HumanBeen.h */,
				4B5F0AA822DF2152000A57D2 /* HumanBeen.m */,
			);
			path = "day19-msgSend方法调用";
			sourceTree = "<group>";
		};
/* End PBXGroup section */

/* Begin PBXNativeTarget section */
		4BA4CFAA22DDD10E00EBA2D6 /* day19-msgSend方法调用 */ = {
			isa = PBXNativeTarget;
			buildConfigurationList = 4BA4CFB222DDD10E00EBA2D6 /* Build configuration list for PBXNativeTarget "day19-msgSend方法调用" */;
			buildPhases = (
				4BA4CFA722DDD10E00EBA2D6 /* Sources */,
				4BA4CFA822DDD10E00EBA2D6 /* Frameworks */,
				4BA4CFA922DDD10E00EBA2D6 /* CopyFiles */,
			);
			buildRules = (
			);
			dependencies = (
			);
			name = "day19-msgSend方法调用";
			productName = "day19-msgSend方法调用";
			productReference = 4BA4CFAB22DDD10E00EBA2D6 /* day19-msgSend方法调用 */;
			productType = "com.apple.product-type.tool";
		};
/* End PBXNativeTarget section */

/* Begin PBXProject section */
		4BA4CFA322DDD10E00EBA2D6 /* Project object */ = {
			isa = PBXProject;
			attributes = {
				LastUpgradeCheck = 1020;
				ORGANIZATIONNAME = "金角大王";
				TargetAttributes = {
					4BA4CFAA22DDD10E00EBA2D6 = {
						CreatedOnToolsVersion = 10.2.1;
					};
				};
			};
			buildConfigurationList = 4BA4CFA622DDD10E00EBA2D6 /* Build configuration list for PBXProject "day19-msgSend方法调用" */;
			compatibilityVersion = "Xcode 9.3";
			developmentRegion = en;
			hasScannedForEncodings = 0;
			knownRegions = (
				en,
			);
			mainGroup = 4BA4CFA222DDD10E00EBA2D6;
			productRefGroup = 4BA4CFAC22DDD10E00EBA2D6 /* Products */;
			projectDirPath = "";
			projectRoot = "";
			targets = (
				4BA4CFAA22DDD10E00EBA2D6 /* day19-msgSend方法调用 */,
			);
		};
/* End PBXProject section */

/* Begin PBXSourcesBuildPhase section */
		4BA4CFA722DDD10E00EBA2D6 /* Sources */ = {
			isa = PBXSourcesBuildPhase;
			buildActionMask = 2147483647;
			files = (
				4BA4CFB722DDD12000EBA2D6 /* Persion.m in Sources */,
				4B5F0AA922DF2152000A57D2 /* HumanBeen.m in Sources */,
				4BA4CFAF22DDD10E00EBA2D6 /* main.m in Sources */,
			);
			runOnlyForDeploymentPostprocessing = 0;
		};
/* End PBXSourcesBuildPhase section */

/* Begin XCBuildConfiguration section */
		4BA4CFB022DDD10E00EBA2D6 /* Debug */ = {
			isa = XCBuildConfiguration;
			buildSettings = {
				ALWAYS_SEARCH_USER_PATHS = NO;
				CLANG_ANALYZER_NONNULL = YES;
				CLANG_ANALYZER_NUMBER_OBJECT_CONVERSION = YES_AGGRESSIVE;
				CLANG_CXX_LANGUAGE_STANDARD = "gnu++14";
				CLANG_CXX_LIBRARY = "libc++";
				CLANG_ENABLE_MODULES = YES;
				CLANG_ENABLE_OBJC_ARC = YES;
				CLANG_ENABLE_OBJC_WEAK = YES;
				CLANG_WARN_BLOCK_CAPTURE_AUTORELEASING = YES;
				CLANG_WARN_BOOL_CONVERSION = YES;
				CLANG_WARN_COMMA = YES;
				CLANG_WARN_CONSTANT_CONVERSION = YES;
				CLANG_WARN_DEPRECATED_OBJC_IMPLEMENTATIONS = YES;
				CLANG_WARN_DIRECT_OBJC_ISA_USAGE = YES_ERROR;
				CLANG_WARN_DOCUMENTATION_COMMENTS = YES;
				CLANG_WARN_EMPTY_BODY = YES;
				CLANG_WARN_ENUM_CONVERSION = YES;
				CLANG_WARN_INFINITE_RECURSION = YES;
				CLANG_WARN_INT_CONVERSION = YES;
				CLANG_WARN_NON_LITERAL_NULL_CONVERSION = YES;
				CLANG_WARN_OBJC_IMPLICIT_RETAIN_SELF = YES;
				CLANG_WARN_OBJC_LITERAL_CONVERSION = YES;
				CLANG_WARN_OBJC_ROOT_CLASS = YES_ERROR;
				CLANG_WARN_RANGE_LOOP_ANALYSIS = YES;
				CLANG_WARN_STRICT_PROTOTYPES = YES;
				CLANG_WARN_SUSPICIOUS_MOVE = YES;
				CLANG_WARN_UNGUARDED_AVAILABILITY = YES_AGGRESSIVE;
				CLANG_WARN_UNREACHABLE_CODE = YES;
				CLANG_WARN__DUPLICATE_METHOD_MATCH = YES;
				CODE_SIGN_IDENTITY = "Mac Developer";
				COPY_PHASE_STRIP = NO;
				DEBUG_INFORMATION_FORMAT = dwarf;
				ENABLE_STRICT_OBJC_MSGSEND = YES;
				ENABLE_TESTABILITY = YES;
				GCC_C_LANGUAGE_STANDARD = gnu11;
				GCC_DYNAMIC_NO_PIC = NO;
				GCC_NO_COMMON_BLOCKS = YES;
				GCC_OPTIMIZATION_LEVEL = 0;
				GCC_PREPROCESSOR_DEFINITIONS = (
					"DEBUG=1",
					"$(inherited)",
				);
				GCC_WARN_64_TO_32_BIT_CONVERSION = YES;
				GCC_WARN_ABOUT_RETURN_TYPE = YES_ERROR;
				GCC_WARN_UNDECLARED_SELECTOR = YES;
				GCC_WARN_UNINITIALIZED_AUTOS = YES_AGGRESSIVE;
				GCC_WARN_UNUSED_FUNCTION = YES;
				GCC_WARN_UNUSED_VARIABLE = YES;
				MACOSX_DEPLOYMENT_TARGET = 10.14;
				MTL_ENABLE_DEBUG_INFO = INCLUDE_SOURCE;
				MTL_FAST_MATH = YES;
				ONLY_ACTIVE_ARCH = YES;
				SDKROOT = macosx;
			};
			name = Debug;
		};
		4BA4CFB122DDD10E00EBA2D6 /* Release */ = {
			isa = XCBuildConfiguration;
			buildSettings = {
				ALWAYS_SEARCH_USER_PATHS = NO;
				CLANG_ANALYZER_NONNULL = YES;
				CLANG_ANALYZER_NUMBER_OBJECT_CONVERSION = YES_AGGRESSIVE;
				CLANG_CXX_LANGUAGE_STANDARD = "gnu++14";
				CLANG_CXX_LIBRARY = "libc++";
				CLANG_ENABLE_MODULES = YES;
				CLANG_ENABLE_OBJC_ARC = YES;
				CLANG_ENABLE_OBJC_WEAK = YES;
				CLANG_WARN_BLOCK_CAPTURE_AUTORELEASING = YES;
				CLANG_WARN_BOOL_CONVERSION = YES;
				CLANG_WARN_COMMA = YES;
				CLANG_WARN_CONSTANT_CONVERSION = YES;
				CLANG_WARN_DEPRECATED_OBJC_IMPLEMENTATIONS = YES;
				CLANG_WARN_DIRECT_OBJC_ISA_USAGE = YES_ERROR;
				CLANG_WARN_DOCUMENTATION_COMMENTS = YES;
				CLANG_WARN_EMPTY_BODY = YES;
				CLANG_WARN_ENUM_CONVERSION = YES;
				CLANG_WARN_INFINITE_RECURSION = YES;
				CLANG_WARN_INT_CONVERSION = YES;
				CLANG_WARN_NON_LITERAL_NULL_CONVERSION = YES;
				CLANG_WARN_OBJC_IMPLICIT_RETAIN_SELF = YES;
				CLANG_WARN_OBJC_LITERAL_CONVERSION = YES;
				CLANG_WARN_OBJC_ROOT_CLASS = YES_ERROR;
				CLANG_WARN_RANGE_LOOP_ANALYSIS = YES;
				CLANG_WARN_STRICT_PROTOTYPES = YES;
				CLANG_WARN_SUSPICIOUS_MOVE = YES;
				CLANG_WARN_UNGUARDED_AVAILABILITY = YES_AGGRESSIVE;
				CLANG_WARN_UNREACHABLE_CODE = YES;
				CLANG_WARN__DUPLICATE_METHOD_MATCH = YES;
				CODE_SIGN_IDENTITY = "Mac Developer";
				COPY_PHASE_STRIP = NO;
				DEBUG_INFORMATION_FORMAT = "dwarf-with-dsym";
				ENABLE_NS_ASSERTIONS = NO;
				ENABLE_STRICT_OBJC_MSGSEND = YES;
				GCC_C_LANGUAGE_STANDARD = gnu11;
				GCC_NO_COMMON_BLOCKS = YES;
				GCC_WARN_64_TO_32_BIT_CONVERSION = YES;
				GCC_WARN_ABOUT_RETURN_TYPE = YES_ERROR;
				GCC_WARN_UNDECLARED_SELECTOR = YES;
				GCC_WARN_UNINITIALIZED_AUTOS = YES_AGGRESSIVE;
				GCC_WARN_UNUSED_FUNCTION = YES;
				GCC_WARN_UNUSED_VARIABLE = YES;
				MACOSX_DEPLOYMENT_TARGET = 10.14;
				MTL_ENABLE_DEBUG_INFO = NO;
				MTL_FAST_MATH = YES;
				SDKROOT = macosx;
			};
			name = Release;
		};
		4BA4CFB322DDD10E00EBA2D6 /* Debug */ = {
			isa = XCBuildConfiguration;
			buildSettings = {
				CODE_SIGN_STYLE = Automatic;
				DEVELOPMENT_TEAM = 573HY9F79B;
				PRODUCT_NAME = "$(TARGET_NAME)";
			};
			name = Debug;
		};
		4BA4CFB422DDD10E00EBA2D6 /* Release */ = {
			isa = XCBuildConfiguration;
			buildSettings = {
				CODE_SIGN_STYLE = Automatic;
				DEVELOPMENT_TEAM = 573HY9F79B;
				PRODUCT_NAME = "$(TARGET_NAME)";
			};
			name = Release;
		};
/* End XCBuildConfiguration section */

/* Begin XCConfigurationList section */
		4BA4CFA622DDD10E00EBA2D6 /* Build configuration list for PBXProject "day19-msgSend方法调用" */ = {
			isa = XCConfigurationList;
			buildConfigurations = (
				4BA4CFB022DDD10E00EBA2D6 /* Debug */,
				4BA4CFB122DDD10E00EBA2D6 /* Release */,
			);
			defaultConfigurationIsVisible = 0;
			defaultConfigurationName = Release;
		};
		4BA4CFB222DDD10E00EBA2D6 /* Build configuration list for PBXNativeTarget "day19-msgSend方法调用" */ = {
			isa = XCConfigurationList;
			buildConfigurations = (
				4BA4CFB322DDD10E00EBA2D6 /* Debug */,
				4BA4CFB422DDD10E00EBA2D6 /* Release */,
			);
			defaultConfigurationIsVisible = 0;
			defaultConfigurationName = Release;
		};
/* End XCConfigurationList section */
	};
	rootObject = 4BA4CFA322DDD10E00EBA2D6 /* Project object */;
}
