// !$*UTF8*$!
{
	archiveVersion = 1;
	classes = {
	};
	objectVersion = 50;
	objects = {

/* Begin PBXBuildFile section */
		4B5C756E22D371BD00FA159A /* AppDelegate.m in Sources */ = {isa = PBXBuildFile; fileRef = 4B5C756D22D371BD00FA159A /* AppDelegate.m */; };
		4B5C757122D371BD00FA159A /* ViewController.m in Sources */ = {isa = PBXBuildFile; fileRef = 4B5C757022D371BD00FA159A /* ViewController.m */; };
		4B5C757422D371BD00FA159A /* Main.storyboard in Resources */ = {isa = PBXBuildFile; fileRef = 4B5C757222D371BD00FA159A /* Main.storyboard */; };
		4B5C757622D371BD00FA159A /* Assets.xcassets in Resources */ = {isa = PBXBuildFile; fileRef = 4B5C757522D371BD00FA159A /* Assets.xcassets */; };
		4B5C757922D371BD00FA159A /* LaunchScreen.storyboard in Resources */ = {isa = PBXBuildFile; fileRef = 4B5C757722D371BD00FA159A /* LaunchScreen.storyboard */; };
		4B5C757C22D371BD00FA159A /* main.m in Sources */ = {isa = PBXBuildFile; fileRef = 4B5C757B22D371BD00FA159A /* main.m */; };
		4B5C758422D371D100FA159A /* NSObject+Property.m in Sources */ = {isa = PBXBuildFile; fileRef = 4B5C758322D371D100FA159A /* NSObject+Property.m */; };
/* End PBXBuildFile section */

/* Begin PBXFileReference section */
		4B5C756922D371BD00FA159A /* day17-Category添加属性.app */ = {isa = PBXFileReference; explicitFileType = wrapper.application; includeInIndex = 0; path = "day17-Category添加属性.app"; sourceTree = BUILT_PRODUCTS_DIR; };
		4B5C756C22D371BD00FA159A /* AppDelegate.h */ = {isa = PBXFileReference; lastKnownFileType = sourcecode.c.h; path = AppDelegate.h; sourceTree = "<group>"; };
		4B5C756D22D371BD00FA159A /* AppDelegate.m */ = {isa = PBXFileReference; lastKnownFileType = sourcecode.c.objc; path = AppDelegate.m; sourceTree = "<group>"; };
		4B5C756F22D371BD00FA159A /* ViewController.h */ = {isa = PBXFileReference; lastKnownFileType = sourcecode.c.h; path = ViewController.h; sourceTree = "<group>"; };
		4B5C757022D371BD00FA159A /* ViewController.m */ = {isa = PBXFileReference; lastKnownFileType = sourcecode.c.objc; path = ViewController.m; sourceTree = "<group>"; };
		4B5C757322D371BD00FA159A /* Base */ = {isa = PBXFileReference; lastKnownFileType = file.storyboard; name = Base; path = Base.lproj/Main.storyboard; sourceTree = "<group>"; };
		4B5C757522D371BD00FA159A /* Assets.xcassets */ = {isa = PBXFileReference; lastKnownFileType = folder.assetcatalog; path = Assets.xcassets; sourceTree = "<group>"; };
		4B5C757822D371BD00FA159A /* Base */ = {isa = PBXFileReference; lastKnownFileType = file.storyboard; name = Base; path = Base.lproj/LaunchScreen.storyboard; sourceTree = "<group>"; };
		4B5C757A22D371BD00FA159A /* Info.plist */ = {isa = PBXFileReference; lastKnownFileType = text.plist.xml; path = Info.plist; sourceTree = "<group>"; };
		4B5C757B22D371BD00FA159A /* main.m */ = {isa = PBXFileReference; lastKnownFileType = sourcecode.c.objc; path = main.m; sourceTree = "<group>"; };
		4B5C758222D371D100FA159A /* NSObject+Property.h */ = {isa = PBXFileReference; lastKnownFileType = sourcecode.c.h; path = "NSObject+Property.h"; sourceTree = "<group>"; };
		4B5C758322D371D100FA159A /* NSObject+Property.m */ = {isa = PBXFileReference; lastKnownFileType = sourcecode.c.objc; path = "NSObject+Property.m"; sourceTree = "<group>"; };
/* End PBXFileReference section */

/* Begin PBXFrameworksBuildPhase section */
		4B5C756622D371BD00FA159A /* Frameworks */ = {
			isa = PBXFrameworksBuildPhase;
			buildActionMask = 2147483647;
			files = (
			);
			runOnlyForDeploymentPostprocessing = 0;
		};
/* End PBXFrameworksBuildPhase section */

/* Begin PBXGroup section */
		4B5C756022D371BD00FA159A = {
			isa = PBXGroup;
			children = (
				4B5C756B22D371BD00FA159A /* day17-Category添加属性 */,
				4B5C756A22D371BD00FA159A /* Products */,
			);
			sourceTree = "<group>";
		};
		4B5C756A22D371BD00FA159A /* Products */ = {
			isa = PBXGroup;
			children = (
				4B5C756922D371BD00FA159A /* day17-Category添加属性.app */,
			);
			name = Products;
			sourceTree = "<group>";
		};
		4B5C756B22D371BD00FA159A /* day17-Category添加属性 */ = {
			isa = PBXGroup;
			children = (
				4B5C756C22D371BD00FA159A /* AppDelegate.h */,
				4B5C756D22D371BD00FA159A /* AppDelegate.m */,
				4B5C756F22D371BD00FA159A /* ViewController.h */,
				4B5C757022D371BD00FA159A /* ViewController.m */,
				4B5C757222D371BD00FA159A /* Main.storyboard */,
				4B5C757522D371BD00FA159A /* Assets.xcassets */,
				4B5C757722D371BD00FA159A /* LaunchScreen.storyboard */,
				4B5C757A22D371BD00FA159A /* Info.plist */,
				4B5C757B22D371BD00FA159A /* main.m */,
				4B5C758222D371D100FA159A /* NSObject+Property.h */,
				4B5C758322D371D100FA159A /* NSObject+Property.m */,
			);
			path = "day17-Category添加属性";
			sourceTree = "<group>";
		};
/* End PBXGroup section */

/* Begin PBXNativeTarget section */
		4B5C756822D371BD00FA159A /* day17-Category添加属性 */ = {
			isa = PBXNativeTarget;
			buildConfigurationList = 4B5C757F22D371BD00FA159A /* Build configuration list for PBXNativeTarget "day17-Category添加属性" */;
			buildPhases = (
				4B5C756522D371BD00FA159A /* Sources */,
				4B5C756622D371BD00FA159A /* Frameworks */,
				4B5C756722D371BD00FA159A /* Resources */,
			);
			buildRules = (
			);
			dependencies = (
			);
			name = "day17-Category添加属性";
			productName = "day17-Category添加属性";
			productReference = 4B5C756922D371BD00FA159A /* day17-Category添加属性.app */;
			productType = "com.apple.product-type.application";
		};
/* End PBXNativeTarget section */

/* Begin PBXProject section */
		4B5C756122D371BD00FA159A /* Project object */ = {
			isa = PBXProject;
			attributes = {
				LastUpgradeCheck = 1020;
				ORGANIZATIONNAME = "金角大王";
				TargetAttributes = {
					4B5C756822D371BD00FA159A = {
						CreatedOnToolsVersion = 10.2.1;
					};
				};
			};
			buildConfigurationList = 4B5C756422D371BD00FA159A /* Build configuration list for PBXProject "day17-Category添加属性" */;
			compatibilityVersion = "Xcode 9.3";
			developmentRegion = en;
			hasScannedForEncodings = 0;
			knownRegions = (
				en,
				Base,
			);
			mainGroup = 4B5C756022D371BD00FA159A;
			productRefGroup = 4B5C756A22D371BD00FA159A /* Products */;
			projectDirPath = "";
			projectRoot = "";
			targets = (
				4B5C756822D371BD00FA159A /* day17-Category添加属性 */,
			);
		};
/* End PBXProject section */

/* Begin PBXResourcesBuildPhase section */
		4B5C756722D371BD00FA159A /* Resources */ = {
			isa = PBXResourcesBuildPhase;
			buildActionMask = 2147483647;
			files = (
				4B5C757922D371BD00FA159A /* LaunchScreen.storyboard in Resources */,
				4B5C757622D371BD00FA159A /* Assets.xcassets in Resources */,
				4B5C757422D371BD00FA159A /* Main.storyboard in Resources */,
			);
			runOnlyForDeploymentPostprocessing = 0;
		};
/* End PBXResourcesBuildPhase section */

/* Begin PBXSourcesBuildPhase section */
		4B5C756522D371BD00FA159A /* Sources */ = {
			isa = PBXSourcesBuildPhase;
			buildActionMask = 2147483647;
			files = (
				4B5C757122D371BD00FA159A /* ViewController.m in Sources */,
				4B5C757C22D371BD00FA159A /* main.m in Sources */,
				4B5C758422D371D100FA159A /* NSObject+Property.m in Sources */,
				4B5C756E22D371BD00FA159A /* AppDelegate.m in Sources */,
			);
			runOnlyForDeploymentPostprocessing = 0;
		};
/* End PBXSourcesBuildPhase section */

/* Begin PBXVariantGroup section */
		4B5C757222D371BD00FA159A /* Main.storyboard */ = {
			isa = PBXVariantGroup;
			children = (
				4B5C757322D371BD00FA159A /* Base */,
			);
			name = Main.storyboard;
			sourceTree = "<group>";
		};
		4B5C757722D371BD00FA159A /* LaunchScreen.storyboard */ = {
			isa = PBXVariantGroup;
			children = (
				4B5C757822D371BD00FA159A /* Base */,
			);
			name = LaunchScreen.storyboard;
			sourceTree = "<group>";
		};
/* End PBXVariantGroup section */

/* Begin XCBuildConfiguration section */
		4B5C757D22D371BD00FA159A /* Debug */ = {
			isa = XCBuildConfiguration;
			buildSettings = {
				ALWAYS_SEARCH_USER_PATHS = NO;
				CLANG_ANALYZER_NONNULL = YES;
				CLANG_ANALYZER_NUMBER_OBJECT_CONVERSION = YES_AGGRESSIVE;
				CLANG_CXX_LANGUAGE_STANDARD = "gnu++14";
				CLANG_CXX_LIBRARY = "libc++";
				CLANG_ENABLE_MODULES = YES;
				CLANG_ENABLE_OBJC_ARC = YES;
				CLANG_ENABLE_OBJC_WEAK = YES;
				CLANG_WARN_BLOCK_CAPTURE_AUTORELEASING = YES;
				CLANG_WARN_BOOL_CONVERSION = YES;
				CLANG_WARN_COMMA = YES;
				CLANG_WARN_CONSTANT_CONVERSION = YES;
				CLANG_WARN_DEPRECATED_OBJC_IMPLEMENTATIONS = YES;
				CLANG_WARN_DIRECT_OBJC_ISA_USAGE = YES_ERROR;
				CLANG_WARN_DOCUMENTATION_COMMENTS = YES;
				CLANG_WARN_EMPTY_BODY = YES;
				CLANG_WARN_ENUM_CONVERSION = YES;
				CLANG_WARN_INFINITE_RECURSION = YES;
				CLANG_WARN_INT_CONVERSION = YES;
				CLANG_WARN_NON_LITERAL_NULL_CONVERSION = YES;
				CLANG_WARN_OBJC_IMPLICIT_RETAIN_SELF = YES;
				CLANG_WARN_OBJC_LITERAL_CONVERSION = YES;
				CLANG_WARN_OBJC_ROOT_CLASS = YES_ERROR;
				CLANG_WARN_RANGE_LOOP_ANALYSIS = YES;
				CLANG_WARN_STRICT_PROTOTYPES = YES;
				CLANG_WARN_SUSPICIOUS_MOVE = YES;
				CLANG_WARN_UNGUARDED_AVAILABILITY = YES_AGGRESSIVE;
				CLANG_WARN_UNREACHABLE_CODE = YES;
				CLANG_WARN__DUPLICATE_METHOD_MATCH = YES;
				CODE_SIGN_IDENTITY = "iPhone Developer";
				COPY_PHASE_STRIP = NO;
				DEBUG_INFORMATION_FORMAT = dwarf;
				ENABLE_STRICT_OBJC_MSGSEND = YES;
				ENABLE_TESTABILITY = YES;
				GCC_C_LANGUAGE_STANDARD = gnu11;
				GCC_DYNAMIC_NO_PIC = NO;
				GCC_NO_COMMON_BLOCKS = YES;
				GCC_OPTIMIZATION_LEVEL = 0;
				GCC_PREPROCESSOR_DEFINITIONS = (
					"DEBUG=1",
					"$(inherited)",
				);
				GCC_WARN_64_TO_32_BIT_CONVERSION = YES;
				GCC_WARN_ABOUT_RETURN_TYPE = YES_ERROR;
				GCC_WARN_UNDECLARED_SELECTOR = YES;
				GCC_WARN_UNINITIALIZED_AUTOS = YES_AGGRESSIVE;
				GCC_WARN_UNUSED_FUNCTION = YES;
				GCC_WARN_UNUSED_VARIABLE = YES;
				IPHONEOS_DEPLOYMENT_TARGET = 12.2;
				MTL_ENABLE_DEBUG_INFO = INCLUDE_SOURCE;
				MTL_FAST_MATH = YES;
				ONLY_ACTIVE_ARCH = YES;
				SDKROOT = iphoneos;
			};
			name = Debug;
		};
		4B5C757E22D371BD00FA159A /* Release */ = {
			isa = XCBuildConfiguration;
			buildSettings = {
				ALWAYS_SEARCH_USER_PATHS = NO;
				CLANG_ANALYZER_NONNULL = YES;
				CLANG_ANALYZER_NUMBER_OBJECT_CONVERSION = YES_AGGRESSIVE;
				CLANG_CXX_LANGUAGE_STANDARD = "gnu++14";
				CLANG_CXX_LIBRARY = "libc++";
				CLANG_ENABLE_MODULES = YES;
				CLANG_ENABLE_OBJC_ARC = YES;
				CLANG_ENABLE_OBJC_WEAK = YES;
				CLANG_WARN_BLOCK_CAPTURE_AUTORELEASING = YES;
				CLANG_WARN_BOOL_CONVERSION = YES;
				CLANG_WARN_COMMA = YES;
				CLANG_WARN_CONSTANT_CONVERSION = YES;
				CLANG_WARN_DEPRECATED_OBJC_IMPLEMENTATIONS = YES;
				CLANG_WARN_DIRECT_OBJC_ISA_USAGE = YES_ERROR;
				CLANG_WARN_DOCUMENTATION_COMMENTS = YES;
				CLANG_WARN_EMPTY_BODY = YES;
				CLANG_WARN_ENUM_CONVERSION = YES;
				CLANG_WARN_INFINITE_RECURSION = YES;
				CLANG_WARN_INT_CONVERSION = YES;
				CLANG_WARN_NON_LITERAL_NULL_CONVERSION = YES;
				CLANG_WARN_OBJC_IMPLICIT_RETAIN_SELF = YES;
				CLANG_WARN_OBJC_LITERAL_CONVERSION = YES;
				CLANG_WARN_OBJC_ROOT_CLASS = YES_ERROR;
				CLANG_WARN_RANGE_LOOP_ANALYSIS = YES;
				CLANG_WARN_STRICT_PROTOTYPES = YES;
				CLANG_WARN_SUSPICIOUS_MOVE = YES;
				CLANG_WARN_UNGUARDED_AVAILABILITY = YES_AGGRESSIVE;
				CLANG_WARN_UNREACHABLE_CODE = YES;
				CLANG_WARN__DUPLICATE_METHOD_MATCH = YES;
				CODE_SIGN_IDENTITY = "iPhone Developer";
				COPY_PHASE_STRIP = NO;
				DEBUG_INFORMATION_FORMAT = "dwarf-with-dsym";
				ENABLE_NS_ASSERTIONS = NO;
				ENABLE_STRICT_OBJC_MSGSEND = YES;
				GCC_C_LANGUAGE_STANDARD = gnu11;
				GCC_NO_COMMON_BLOCKS = YES;
				GCC_WARN_64_TO_32_BIT_CONVERSION = YES;
				GCC_WARN_ABOUT_RETURN_TYPE = YES_ERROR;
				GCC_WARN_UNDECLARED_SELECTOR = YES;
				GCC_WARN_UNINITIALIZED_AUTOS = YES_AGGRESSIVE;
				GCC_WARN_UNUSED_FUNCTION = YES;
				GCC_WARN_UNUSED_VARIABLE = YES;
				IPHONEOS_DEPLOYMENT_TARGET = 12.2;
				MTL_ENABLE_DEBUG_INFO = NO;
				MTL_FAST_MATH = YES;
				SDKROOT = iphoneos;
				VALIDATE_PRODUCT = YES;
			};
			name = Release;
		};
		4B5C758022D371BD00FA159A /* Debug */ = {
			isa = XCBuildConfiguration;
			buildSettings = {
				ASSETCATALOG_COMPILER_APPICON_NAME = AppIcon;
				CODE_SIGN_STYLE = Automatic;
				DEVELOPMENT_TEAM = 573HY9F79B;
				INFOPLIST_FILE = "day17-Category添加属性/Info.plist";
				LD_RUNPATH_SEARCH_PATHS = (
					"$(inherited)",
					"@executable_path/Frameworks",
				);
				PRODUCT_BUNDLE_IDENTIFIER = "com.kk.day17-Category----";
				PRODUCT_NAME = "$(TARGET_NAME)";
				TARGETED_DEVICE_FAMILY = "1,2";
			};
			name = Debug;
		};
		4B5C758122D371BD00FA159A /* Release */ = {
			isa = XCBuildConfiguration;
			buildSettings = {
				ASSETCATALOG_COMPILER_APPICON_NAME = AppIcon;
				CODE_SIGN_STYLE = Automatic;
				DEVELOPMENT_TEAM = 573HY9F79B;
				INFOPLIST_FILE = "day17-Category添加属性/Info.plist";
				LD_RUNPATH_SEARCH_PATHS = (
					"$(inherited)",
					"@executable_path/Frameworks",
				);
				PRODUCT_BUNDLE_IDENTIFIER = "com.kk.day17-Category----";
				PRODUCT_NAME = "$(TARGET_NAME)";
				TARGETED_DEVICE_FAMILY = "1,2";
			};
			name = Release;
		};
/* End XCBuildConfiguration section */

/* Begin XCConfigurationList section */
		4B5C756422D371BD00FA159A /* Build configuration list for PBXProject "day17-Category添加属性" */ = {
			isa = XCConfigurationList;
			buildConfigurations = (
				4B5C757D22D371BD00FA159A /* Debug */,
				4B5C757E22D371BD00FA159A /* Release */,
			);
			defaultConfigurationIsVisible = 0;
			defaultConfigurationName = Release;
		};
		4B5C757F22D371BD00FA159A /* Build configuration list for PBXNativeTarget "day17-Category添加属性" */ = {
			isa = XCConfigurationList;
			buildConfigurations = (
				4B5C758022D371BD00FA159A /* Debug */,
				4B5C758122D371BD00FA159A /* Release */,
			);
			defaultConfigurationIsVisible = 0;
			defaultConfigurationName = Release;
		};
/* End XCConfigurationList section */
	};
	rootObject = 4B5C756122D371BD00FA159A /* Project object */;
}
